
Microsoft Visual Studio Solution File, Format Version 12.00
# Visual Studio Version 16
VisualStudioVersion = 16.0.31729.503
MinimumVisualStudioVersion = 10.0.40219.1
Project("{8BC9CEB8-8B4A-11D0-8D11-00A0C91BC942}") = "FinalTask", "FinalTask\FinalTask.vcxproj", "{26304AEC-D2FC-4C14-AC6A-6D2B26D368F8}"
EndProject
Global
	GlobalSection(SolutionConfigurationPlatforms) = preSolution
		Debug|x64 = Debug|x64
		Debug|x86 = Debug|x86
		Release|x64 = Release|x64
		Release|x86 = Release|x86
	EndGlobalSection
	GlobalSection(ProjectConfigurationPlatforms) = postSolution
		{26304AEC-D2FC-4C14-AC6A-6D2B26D368F8}.Debug|x64.ActiveCfg = Debug|x64
		{26304AEC-D2FC-4C14-AC6A-6D2B26D368F8}.Debug|x64.Build.0 = Debug|x64
		{26304AEC-D2FC-4C14-AC6A-6D2B26D368F8}.Debug|x86.ActiveCfg = Debug|Win32
		{26304AEC-D2FC-4C14-AC6A-6D2B26D368F8}.Debug|x86.Build.0 = Debug|Win32
		{26304AEC-D2FC-4C14-AC6A-6D2B26D368F8}.Release|x64.ActiveCfg = Release|x64
		{26304AEC-D2FC-4C14-AC6A-6D2B26D368F8}.Release|x64.Build.0 = Release|x64
		{26304AEC-D2FC-4C14-AC6A-6D2B26D368F8}.Release|x86.ActiveCfg = Release|Win32
		{26304AEC-D2FC-4C14-AC6A-6D2B26D368F8}.Release|x86.Build.0 = Release|Win32
	EndGlobalSection
	GlobalSection(SolutionProperties) = preSolution
		HideSolutionNode = FALSE
	EndGlobalSection
	GlobalSection(ExtensibilityGlobals) = postSolution
		SolutionGuid = {0E7C8950-28F5-4A70-9C98-1EBDDDC3D697}
	EndGlobalSection
EndGlobal
